<?xml version="1.0" encoding="utf-8"?>
<Project ToolsVersion="4.0" xmlns="http://schemas.microsoft.com/developer/msbuild/2003">
  <ItemGroup>
    <ClCompile Include="Cube.cpp">
      <Filter>src\Objects</Filter>
    </ClCompile>
    <ClCompile Include="Form.cpp">
      <Filter>src\Objects</Filter>
    </ClCompile>
    <ClCompile Include="Primitive.cpp">
      <Filter>src\Objects</Filter>
    </ClCompile>
    <ClCompile Include="Sphere.cpp">
      <Filter>src\Objects</Filter>
    </ClCompile>
    <ClCompile Include="Utilities.cpp">
      <Filter>src\Scene</Filter>
    </ClCompile>
    <ClCompile Include="Renderer.cpp">
      <Filter>src\Scene</Filter>
    </ClCompile>
    <ClCompile Include="src\ofApp.cpp">
      <Filter>src\Scene</Filter>
    </ClCompile>
    <ClCompile Include="Group.cpp">
      <Filter>src\Scene</Filter>
    </ClCompile>
    <ClCompile Include="src\main.cpp">
      <Filter>src\Scene</Filter>
    </ClCompile>
    <ClCompile Include="Transformation.cpp">
      <Filter>src\Scene</Filter>
    </ClCompile>
    <ClCompile Include="_Line.cpp">
      <Filter>src\Objects</Filter>
    </ClCompile>
    <ClCompile Include="Triangle.cpp">
      <Filter>src\Objects</Filter>
    </ClCompile>
  </ItemGroup>
  <ItemGroup>
    <Filter Include="src">
      <UniqueIdentifier>{d8376475-7454-4a24-b08a-aac121d3ad6f}</UniqueIdentifier>
    </Filter>
    <Filter Include="src\Objects">
      <UniqueIdentifier>{00e16f7b-716f-4220-b0e0-9808dbd4b208}</UniqueIdentifier>
    </Filter>
    <Filter Include="src\Scene">
      <UniqueIdentifier>{ab19d64c-d8f6-41a0-8d0e-75c6d2a61ed7}</UniqueIdentifier>
    </Filter>
  </ItemGroup>
  <ItemGroup>
    <ClInclude Include="Form.h">
      <Filter>src\Objects</Filter>
    </ClInclude>
    <ClInclude Include="Cube.h">
      <Filter>src\Objects</Filter>
    </ClInclude>
    <ClInclude Include="Primitive.h">
      <Filter>src\Objects</Filter>
    </ClInclude>
    <ClInclude Include="Sphere.h">
      <Filter>src\Objects</Filter>
    </ClInclude>
    <ClInclude Include="Utilities.h">
      <Filter>src\Scene</Filter>
    </ClInclude>
    <ClInclude Include="Renderer.h">
      <Filter>src\Scene</Filter>
    </ClInclude>
    <ClInclude Include="src\ofApp.h">
      <Filter>src\Scene</Filter>
    </ClInclude>
    <ClInclude Include="Group.h">
      <Filter>src\Scene</Filter>
    </ClInclude>
    <ClInclude Include="Transformation.h">
      <Filter>src\Scene</Filter>
    </ClInclude>
    <ClInclude Include="_Line.h">
      <Filter>src\Objects</Filter>
    </ClInclude>
    <ClInclude Include="Triangle.h">
      <Filter>src\Objects</Filter>
    </ClInclude>
  </ItemGroup>
  <ItemGroup>
    <ResourceCompile Include="icon.rc" />
  </ItemGroup>
</Project>